# This file was autogenerated by Stack.
# You should not edit this file by hand.
# For more information, please see the documentation at:
#   https://docs.haskellstack.org/en/stable/lock_files

packages:
- completed:
    hackage: sdl2-2.5.5.0@sha256:9d1125181e651518ea960738266e3cef98c0c4fa2d5f9c35e67f4b0f87fd1464,12695
    pantry-tree:
      sha256: edba7eb6774cf869abc597f518e0491473cfbee2a91bc7416e25b7447730b335
      size: 6641
  original:
    hackage: sdl2-2.5.5.0
- completed:
    hackage: bytestring-0.11.5.4@sha256:896810b10dc600f435606c1e87821a5ae0963eeca2ded88276f4841727209516,7595
    pantry-tree:
      sha256: 6ca4c319839aefa42cbd85a5bcdf67068a2a0c60cb6e76b8a9fb98e5479ec60a
      size: 4019
  original:
    hackage: bytestring-0.11.5.4@sha256:896810b10dc600f435606c1e87821a5ae0963eeca2ded88276f4841727209516,7595
- completed:
    hackage: linear-1.22@sha256:6402f0140156d2792ca0cbef3f5af2ec3675660e381574ac968cd5884724b8ba,4132
    pantry-tree:
      sha256: 8ccd6646c1a5f2f7998a19a04f00200e44ee08186e980153ec371d6d114eb0e6
      size: 2042
  original:
    hackage: linear-1.22@sha256:6402f0140156d2792ca0cbef3f5af2ec3675660e381574ac968cd5884724b8ba,4132
- completed:
    hackage: binary-0.8.9.2@sha256:03381e511429c44d13990c6d76281c4fc2468371cede4fe684b0c98d9b7d5f5a,6611
    pantry-tree:
      sha256: 7fac13c81b45416bd082c34e31cc3ac19226dd15354f379156922ad4cfbe6285
      size: 1976
  original:
    hackage: binary-0.8.9.2@sha256:03381e511429c44d13990c6d76281c4fc2468371cede4fe684b0c98d9b7d5f5a,6611
- completed:
    hackage: filepath-1.4.301.0@sha256:02ca59b1c88ef5640db00b38aff713403c1b3481475b529a6fcc4c9f70a293ee,5900
    pantry-tree:
      sha256: a309890379777206c55f4767f9dd36b5af68f6c54a9be8b2b7b9d34c7088e4e4
      size: 3998
  original:
    hackage: filepath-1.4.301.0@sha256:02ca59b1c88ef5640db00b38aff713403c1b3481475b529a6fcc4c9f70a293ee,5900
- completed:
    hackage: process-1.6.25.0@sha256:092ab61596e914d21983aa2e9206a74c4faa38a5a636446b5c954305821cb496,2749
    pantry-tree:
      sha256: bdab416d3c454ad716d4fab1ced490cc75330658c1c7c66a0b6f4b3e5125017b
      size: 1790
  original:
    hackage: process-1.6.25.0@sha256:092ab61596e914d21983aa2e9206a74c4faa38a5a636446b5c954305821cb496,2749
- completed:
    hackage: text-2.1.2@sha256:2898d240693a61911efc6e9f9dd3f05a1561684b0c42da964b76ae6463dba754,10989
    pantry-tree:
      sha256: 55d235c81b0b35a55d8b33f832c6df0c7a3ff546b707172f97c68ab17b87f5d4
      size: 8647
  original:
    hackage: text-2.1.2@sha256:2898d240693a61911efc6e9f9dd3f05a1561684b0c42da964b76ae6463dba754,10989
- completed:
    hackage: unix-2.8.6.0@sha256:5b7f8afd7a879c3c8c3c636fd3c7543cdd5e0b514b7da90e76907ccd11434031,10177
    pantry-tree:
      sha256: 3d9b9dc1c9b6e4854246866bcb4ae090a2b00d158057f7516d0650d2ae062919
      size: 5888
  original:
    hackage: unix-2.8.6.0@sha256:5b7f8afd7a879c3c8c3c636fd3c7543cdd5e0b514b7da90e76907ccd11434031,10177
- completed:
    hackage: directory-1.3.9.0@sha256:2490137bb7738bd79392959458ef5f276219ea5ba8a9a56d3e0b06315c1bb917,3307
    pantry-tree:
      sha256: cf35b0c2755674f913078c588c88fc169d928ce09f292c648af9f1dbc3167131
      size: 3386
  original:
    hackage: directory-1.3.9.0@sha256:2490137bb7738bd79392959458ef5f276219ea5ba8a9a56d3e0b06315c1bb917,3307
- completed:
    hackage: parsec-3.1.18.0@sha256:dfbb9835b8abc966b6bbd34340ef5122227b4cf4480062b85ca4c4704f054f98,4535
    pantry-tree:
      sha256: 48ae1440eb8eb4fecde2a724c492e830ff2bec341117164302399b417733bf70
      size: 2810
  original:
    hackage: parsec-3.1.18.0@sha256:dfbb9835b8abc966b6bbd34340ef5122227b4cf4480062b85ca4c4704f054f98,4535
- completed:
    hackage: sdl2-image-2.1.0.0@sha256:777291e9edb09a49628b9b776ebd8e8b25527e46538cec9b2d397638db2a94b7,2098
    pantry-tree:
      sha256: 617a4af5e907c670977dfd508e9b86602c4359685c50b0376c21b58ee1d974ce
      size: 444
  original:
    hackage: sdl2-image-2.1.0.0@sha256:777291e9edb09a49628b9b776ebd8e8b25527e46538cec9b2d397638db2a94b7,2098
- completed:
    hackage: sdl2-mixer-1.2.0.0@sha256:6a6b5a46c035c9e77eaf9c244e45de9e4a9b9a110890cfeeb9fa72faa2419cef,4497
    pantry-tree:
      sha256: 5899820c239536aaccfceeb1b6c056ce8ecebbe40f31d3715ca0a53f56d9aaa1
      size: 764
  original:
    hackage: sdl2-mixer-1.2.0.0@sha256:6a6b5a46c035c9e77eaf9c244e45de9e4a9b9a110890cfeeb9fa72faa2419cef,4497
- completed:
    hackage: sdl2-ttf-2.1.3@sha256:46b4769918ee2e579d0e378ede559729293d1b9dfb5301d29efcf0470b553aa6,1916
    pantry-tree:
      sha256: dcc8bf7c21e4f60030ec844a8ea16e41f2b7a94da2b875ea3cbd1756dd5e07ad
      size: 447
  original:
    hackage: sdl2-ttf-2.1.3@sha256:46b4769918ee2e579d0e378ede559729293d1b9dfb5301d29efcf0470b553aa6,1916
snapshots:
- completed:
    sha256: 2d580e973dc1a5ff70cd2bb1248613f835829b38eed5db5dafc3615a22cb1bcd
    size: 679292
    url: https://raw.githubusercontent.com/commercialhaskell/stackage-snapshots/master/lts/23/5.yaml
  original:
    url: https://raw.githubusercontent.com/commercialhaskell/stackage-snapshots/master/lts/23/5.yaml
